# This file is generated by running "yarn install" inside your project.
# Manual changes might be lost - proceed with caution!

__metadata:
  version: 10
  cacheKey: 10c0

"@quatrefoil/utils@workspace:.":
  version: 0.0.0-use.local
  resolution: "@quatrefoil/utils@workspace:."
  dependencies:
    d3-color: "npm:^3.0.1"
  peerDependencies:
    three: "*"
  languageName: unknown
  linkType: soft

"d3-color@npm:^3.0.1":
  version: 3.0.1
  resolution: "d3-color@npm:3.0.1"
  checksum: 10c0/e6f8137ae2c6089cc337709dae5ddda65cb6b013071f96e9a7bd85634e929555bfab58e452f8110496e32ab674c03c59c733aacc2ca4cac5e175ab6759046483
  languageName: node
  linkType: hard
